# THIS IS AN AUTOGENERATED FILE. DO NOT EDIT THIS FILE DIRECTLY.
# yarn lockfile v1


"@babel/parser@^7.16.4":
  version "7.20.0"
  resolved "https://registry.npmjs.org/@babel/parser/-/parser-7.20.0.tgz#b26133c888da4d79b0d3edcf42677bcadc783046"
  integrity sha512-G9VgAhEaICnz8iiJeGJQyVl6J2nTjbW0xeisva0PK6XcKsga7BIaqm4ZF8Rg1Wbaqmy6znspNqhPaPkyukujzg==

"@css-render/plugin-bem@^0.15.10":
  version "0.15.11"
  resolved "https://registry.npmjs.org/@css-render/plugin-bem/-/plugin-bem-0.15.11.tgz#250b853704af1fbb935b8fcd987839dcc9c95ce2"
  integrity sha512-Bn8qadYPIz5DhZ4obTGHOJzeziQH6kY0+Fk5AEvwuuy378SLwwvXuuoechLjBHcgKkPCM03Oo4dDSGP/6NMdyw==

"@css-render/vue3-ssr@^0.15.10":
  version "0.15.11"
  resolved "https://registry.npmjs.org/@css-render/vue3-ssr/-/vue3-ssr-0.15.11.tgz#d6646f69c7bd4b54485a40441ac60102822cd492"
  integrity sha512-n+SuqLPbY30FUTM8slX75OaEG+c8XlTOFrAklekX2XQGvBbz9XdBE6hTEgGlV5kPcTMqTJeCG7Vzhs9/29VC7w==

"@cube/types@git+https://gitee.com/cube_1/types.git":
  version "0.0.1"
  resolved "git+https://gitee.com/cube_1/types.git#fa1f63466067b5ce5c443220e62531ceb250795a"

"@emotion/hash@~0.8.0":
  version "0.8.0"
  resolved "https://registry.npmjs.org/@emotion/hash/-/hash-0.8.0.tgz#bbbff68978fefdbe68ccb533bc8cbe1d1afb5413"
  integrity sha512-kBJtf7PH6aWwZ6fka3zQ0p6SBYzx4fl1LoZXE2RrnYST9Xljm7WfKJrU4g/Xr3Beg72MLrp1AWNUmuYJTL7Cow==

"@esbuild/android-arm@0.15.12":
  version "0.15.12"
  resolved "https://registry.npmjs.org/@esbuild/android-arm/-/android-arm-0.15.12.tgz#e548b10a5e55b9e10537a049ebf0bc72c453b769"
  integrity sha512-IC7TqIqiyE0MmvAhWkl/8AEzpOtbhRNDo7aph47We1NbE5w2bt/Q+giAhe0YYeVpYnIhGMcuZY92qDK6dQauvA==

"@esbuild/linux-loong64@0.15.12":
  version "0.15.12"
  resolved "https://registry.npmjs.org/@esbuild/linux-loong64/-/linux-loong64-0.15.12.tgz#475b33a2631a3d8ca8aa95ee127f9a61d95bf9c1"
  integrity sha512-tZEowDjvU7O7I04GYvWQOS4yyP9E/7YlsB0jjw1Ycukgr2ycEzKyIk5tms5WnLBymaewc6VmRKnn5IJWgK4eFw==

"@juggle/resize-observer@^3.3.1":
  version "3.4.0"
  resolved "https://registry.npmjs.org/@juggle/resize-observer/-/resize-observer-3.4.0.tgz#08d6c5e20cf7e4cc02fd181c4b0c225cd31dbb60"
  integrity sha512-dfLbk+PwWvFzSxwk3n5ySL0hfBog779o8h68wK/7/APo/7cgyWp5jcXockbxdk5kFRkbeXWm4Fbi9FrdN381sA==

"@types/lodash-es@^4.17.6":
  version "4.17.6"
  resolved "https://registry.npmjs.org/@types/lodash-es/-/lodash-es-4.17.6.tgz#c2ed4c8320ffa6f11b43eb89e9eaeec65966a0a0"
  integrity sha512-R+zTeVUKDdfoRxpAryaQNRKk3105Rrgx2CFRClIgRGaqDTdjsm8h6IYA8ir584W3ePzkZfst5xIgDwYrlh9HLg==
  dependencies:
    "@types/lodash" "*"

"@types/lodash@*", "@types/lodash@^4.14.181":
  version "4.14.186"
  resolved "https://registry.npmjs.org/@types/lodash/-/lodash-4.14.186.tgz#862e5514dd7bd66ada6c70ee5fce844b06c8ee97"
  integrity sha512-eHcVlLXP0c2FlMPm56ITode2AgLMSa6aJ05JTTbYbI+7EMkCEE5qk2E41d5g2lCVTqRe0GnnRFurmlCsDODrPw==

"@types/node@^18.6.1":
  version "18.11.7"
  resolved "https://registry.npmjs.org/@types/node/-/node-18.11.7.tgz#8ccef136f240770c1379d50100796a6952f01f94"
  integrity sha512-LhFTglglr63mNXUSRYD8A+ZAIu5sFqNJ4Y2fPuY7UlrySJH87rRRlhtVmMHplmfk5WkoJGmDjE9oiTfyX94CpQ==

"@types/node@~17.0.5":
  version "17.0.45"
  resolved "https://registry.npmjs.org/@types/node/-/node-17.0.45.tgz#2c0fafd78705e7a18b7906b5201a522719dc5190"
  integrity sha512-w+tIMs3rq2afQdsPJlODhoUEKzFP1ayaoyl1CcnwtIlsVe7K7bA1NGm4s3PraqTLlXnbIN84zuBlxBWo1u9BLw==

"@vicons/tabler@^0.12.0":
  version "0.12.0"
  resolved "https://registry.npmjs.org/@vicons/tabler/-/tabler-0.12.0.tgz#11924d2288e9346d47b44dd643ac20e72a32e089"
  integrity sha512-3+wUFuxb7e8OzZ8Wryct1pzfA2vyoF4lwW98O9s27ZrfCGaJGNmqG+q8A7vQ92Mf+COCgxpK+rhNPTtTvaU6qw==

"@vitejs/plugin-vue@^3.2.0":
  version "3.2.0"
  resolved "https://registry.npmjs.org/@vitejs/plugin-vue/-/plugin-vue-3.2.0.tgz#a1484089dd85d6528f435743f84cdd0d215bbb54"
  integrity sha512-E0tnaL4fr+qkdCNxJ+Xd0yM31UwMkQje76fsDVBBUCoGOUPexu2VDUYHL8P4CwV+zMvWw6nlRw19OnRKmYAJpw==

"@volar/language-core@1.0.9":
  version "1.0.9"
  resolved "https://registry.npmjs.org/@volar/language-core/-/language-core-1.0.9.tgz#d12456b294d1e5b3928b22e5214c8e7141ee2ce1"
  integrity sha512-5Fty3slLet6svXiJw2YxhYeo6c7wFdtILrql5bZymYLM+HbiZtJbryW1YnUEKAP7MO9Mbeh+TNH4Z0HFxHgIqw==
  dependencies:
    "@volar/source-map" "1.0.9"
    "@vue/reactivity" "^3.2.40"
    muggle-string "^0.1.0"

"@volar/source-map@1.0.9":
  version "1.0.9"
  resolved "https://registry.npmjs.org/@volar/source-map/-/source-map-1.0.9.tgz#00aa951d3d7f9b842f84e28ab2a1831ab3b5b95a"
  integrity sha512-fazB/vy5ZEJ3yKx4fabJyGNI3CBkdLkfEIRVu6+1P3VixK0Mn+eqyUIkLBrzGYaeFM3GybhCLCvsVdNz0Fu/CQ==
  dependencies:
    muggle-string "^0.1.0"

"@volar/typescript@1.0.9":
  version "1.0.9"
  resolved "https://registry.npmjs.org/@volar/typescript/-/typescript-1.0.9.tgz#9c0a8b5d79c0a03413755499d211c1c8001ac0cc"
  integrity sha512-dVziu+ShQUWuMukM6bvK2v2O446/gG6l1XkTh2vfkccw1IzjfbiP1TWQoNo1ipTfZOtu5YJGYAx+o5HNrGXWfQ==
  dependencies:
    "@volar/language-core" "1.0.9"

"@volar/vue-language-core@1.0.9":
  version "1.0.9"
  resolved "https://registry.npmjs.org/@volar/vue-language-core/-/vue-language-core-1.0.9.tgz#9eb7c30652c80f210fca071aeeea794873835eda"
  integrity sha512-tofNoR8ShPFenHT1YVMuvoXtXWwoQE+fiXVqSmW0dSKZqEDjWQ3YeXSd0a6aqyKaIbvR7kWWGp34WbpQlwf9Ww==
  dependencies:
    "@volar/language-core" "1.0.9"
    "@volar/source-map" "1.0.9"
    "@vue/compiler-dom" "^3.2.40"
    "@vue/compiler-sfc" "^3.2.40"
    "@vue/reactivity" "^3.2.40"
    "@vue/shared" "^3.2.40"
    minimatch "^5.1.0"
    vue-template-compiler "^2.7.10"

"@volar/vue-typescript@1.0.9":
  version "1.0.9"
  resolved "https://registry.npmjs.org/@volar/vue-typescript/-/vue-typescript-1.0.9.tgz#47ae4424283ec42c0b3321a4efbd4c505de3fe16"
  integrity sha512-ZLe4y9YNbviACa7uAMCilzxA76gbbSlKfjspXBzk6fCobd8QCIig+VyDYcjANIlm2HhgSCX8jYTzhCKlegh4mw==
  dependencies:
    "@volar/typescript" "1.0.9"
    "@volar/vue-language-core" "1.0.9"

"@vue/compiler-core@3.2.41":
  version "3.2.41"
  resolved "https://registry.npmjs.org/@vue/compiler-core/-/compiler-core-3.2.41.tgz#fb5b25f23817400f44377d878a0cdead808453ef"
  integrity sha512-oA4mH6SA78DT+96/nsi4p9DX97PHcNROxs51lYk7gb9Z4BPKQ3Mh+BLn6CQZBw857Iuhu28BfMSRHAlPvD4vlw==
  dependencies:
    "@babel/parser" "^7.16.4"
    "@vue/shared" "3.2.41"
    estree-walker "^2.0.2"
    source-map "^0.6.1"

"@vue/compiler-dom@3.2.41", "@vue/compiler-dom@^3.2.40":
  version "3.2.41"
  resolved "https://registry.npmjs.org/@vue/compiler-dom/-/compiler-dom-3.2.41.tgz#dc63dcd3ce8ca8a8721f14009d498a7a54380299"
  integrity sha512-xe5TbbIsonjENxJsYRbDJvthzqxLNk+tb3d/c47zgREDa/PCp6/Y4gC/skM4H6PIuX5DAxm7fFJdbjjUH2QTMw==
  dependencies:
    "@vue/compiler-core" "3.2.41"
    "@vue/shared" "3.2.41"

"@vue/compiler-sfc@3.2.41", "@vue/compiler-sfc@^3.2.40":
  version "3.2.41"
  resolved "https://registry.npmjs.org/@vue/compiler-sfc/-/compiler-sfc-3.2.41.tgz#238fb8c48318408c856748f4116aff8cc1dc2a73"
  integrity sha512-+1P2m5kxOeaxVmJNXnBskAn3BenbTmbxBxWOtBq3mQTCokIreuMULFantBUclP0+KnzNCMOvcnKinqQZmiOF8w==
  dependencies:
    "@babel/parser" "^7.16.4"
    "@vue/compiler-core" "3.2.41"
    "@vue/compiler-dom" "3.2.41"
    "@vue/compiler-ssr" "3.2.41"
    "@vue/reactivity-transform" "3.2.41"
    "@vue/shared" "3.2.41"
    estree-walker "^2.0.2"
    magic-string "^0.25.7"
    postcss "^8.1.10"
    source-map "^0.6.1"

"@vue/compiler-ssr@3.2.41":
  version "3.2.41"
  resolved "https://registry.npmjs.org/@vue/compiler-ssr/-/compiler-ssr-3.2.41.tgz#344f564d68584b33367731c04ffc949784611fcb"
  integrity sha512-Y5wPiNIiaMz/sps8+DmhaKfDm1xgj6GrH99z4gq2LQenfVQcYXmHIOBcs5qPwl7jaW3SUQWjkAPKMfQemEQZwQ==
  dependencies:
    "@vue/compiler-dom" "3.2.41"
    "@vue/shared" "3.2.41"

"@vue/devtools-api@^6.4.4", "@vue/devtools-api@^6.4.5":
  version "6.4.5"
  resolved "https://registry.npmjs.org/@vue/devtools-api/-/devtools-api-6.4.5.tgz#d54e844c1adbb1e677c81c665ecef1a2b4bb8380"
  integrity sha512-JD5fcdIuFxU4fQyXUu3w2KpAJHzTVdN+p4iOX2lMWSHMOoQdMAcpFLZzm9Z/2nmsoZ1a96QEhZ26e50xLBsgOQ==

"@vue/reactivity-transform@3.2.41":
  version "3.2.41"
  resolved "https://registry.npmjs.org/@vue/reactivity-transform/-/reactivity-transform-3.2.41.tgz#9ff938877600c97f646e09ac1959b5150fb11a0c"
  integrity sha512-mK5+BNMsL4hHi+IR3Ft/ho6Za+L3FA5j8WvreJ7XzHrqkPq8jtF/SMo7tuc9gHjLDwKZX1nP1JQOKo9IEAn54A==
  dependencies:
    "@babel/parser" "^7.16.4"
    "@vue/compiler-core" "3.2.41"
    "@vue/shared" "3.2.41"
    estree-walker "^2.0.2"
    magic-string "^0.25.7"

"@vue/reactivity@3.2.41", "@vue/reactivity@^3.2.40":
  version "3.2.41"
  resolved "https://registry.npmjs.org/@vue/reactivity/-/reactivity-3.2.41.tgz#0ad3bdf76d76822da1502dc9f394dafd02642963"
  integrity sha512-9JvCnlj8uc5xRiQGZ28MKGjuCoPhhTwcoAdv3o31+cfGgonwdPNuvqAXLhlzu4zwqavFEG5tvaoINQEfxz+l6g==
  dependencies:
    "@vue/shared" "3.2.41"

"@vue/runtime-core@3.2.41":
  version "3.2.41"
  resolved "https://registry.npmjs.org/@vue/runtime-core/-/runtime-core-3.2.41.tgz#775bfc00b3fadbaddab77138f23322aee3517a76"
  integrity sha512-0LBBRwqnI0p4FgIkO9q2aJBBTKDSjzhnxrxHYengkAF6dMOjeAIZFDADAlcf2h3GDALWnblbeprYYpItiulSVQ==
  dependencies:
    "@vue/reactivity" "3.2.41"
    "@vue/shared" "3.2.41"

"@vue/runtime-dom@3.2.41":
  version "3.2.41"
  resolved "https://registry.npmjs.org/@vue/runtime-dom/-/runtime-dom-3.2.41.tgz#cdf86be7410f7b15c29632a96ce879e5b4c9ab92"
  integrity sha512-U7zYuR1NVIP8BL6jmOqmapRAHovEFp7CSw4pR2FacqewXNGqZaRfHoNLQsqQvVQ8yuZNZtxSZy0FFyC70YXPpA==
  dependencies:
    "@vue/runtime-core" "3.2.41"
    "@vue/shared" "3.2.41"
    csstype "^2.6.8"

"@vue/server-renderer@3.2.41":
  version "3.2.41"
  resolved "https://registry.npmjs.org/@vue/server-renderer/-/server-renderer-3.2.41.tgz#ca64552c05878f94e8d191ac439141c06c0fb2ad"
  integrity sha512-7YHLkfJdTlsZTV0ae5sPwl9Gn/EGr2hrlbcS/8naXm2CDpnKUwC68i1wGlrYAfIgYWL7vUZwk2GkYLQH5CvFig==
  dependencies:
    "@vue/compiler-ssr" "3.2.41"
    "@vue/shared" "3.2.41"

"@vue/shared@3.2.41", "@vue/shared@^3.2.40":
  version "3.2.41"
  resolved "https://registry.npmjs.org/@vue/shared/-/shared-3.2.41.tgz#fbc95422df654ea64e8428eced96ba6ad555d2bb"
  integrity sha512-W9mfWLHmJhkfAmV+7gDjcHeAWALQtgGT3JErxULl0oz6R6+3ug91I7IErs93eCFhPCZPHBs4QJS7YWEV7A3sxw==

archiver-utils@^2.1.0:
  version "2.1.0"
  resolved "https://registry.npmjs.org/archiver-utils/-/archiver-utils-2.1.0.tgz#e8a460e94b693c3e3da182a098ca6285ba9249e2"
  integrity sha512-bEL/yUb/fNNiNTuUz979Z0Yg5L+LzLxGJz8x79lYmR54fmTIb6ob/hNQgkQnIUDWIFjZVQwl9Xs356I6BAMHfw==
  dependencies:
    glob "^7.1.4"
    graceful-fs "^4.2.0"
    lazystream "^1.0.0"
    lodash.defaults "^4.2.0"
    lodash.difference "^4.5.0"
    lodash.flatten "^4.4.0"
    lodash.isplainobject "^4.0.6"
    lodash.union "^4.6.0"
    normalize-path "^3.0.0"
    readable-stream "^2.0.0"

archiver@^5.3.1:
  version "5.3.1"
  resolved "https://registry.npmjs.org/archiver/-/archiver-5.3.1.tgz#21e92811d6f09ecfce649fbefefe8c79e57cbbb6"
  integrity sha512-8KyabkmbYrH+9ibcTScQ1xCJC/CGcugdVIwB+53f5sZziXgwUh3iXlAlANMxcZyDEfTHMe6+Z5FofV8nopXP7w==
  dependencies:
    archiver-utils "^2.1.0"
    async "^3.2.3"
    buffer-crc32 "^0.2.1"
    readable-stream "^3.6.0"
    readdir-glob "^1.0.0"
    tar-stream "^2.2.0"
    zip-stream "^4.1.0"

async-validator@^4.0.7:
  version "4.2.5"
  resolved "https://registry.npmjs.org/async-validator/-/async-validator-4.2.5.tgz#c96ea3332a521699d0afaaceed510a54656c6339"
  integrity sha512-7HhHjtERjqlNbZtqNqy2rckN/SpOOlmDliet+lP7k+eKZEjPk3DgyeU9lIXLdeLz0uBbbVp+9Qdow9wJWgwwfg==

async@^3.2.3:
  version "3.2.4"
  resolved "https://registry.npmjs.org/async/-/async-3.2.4.tgz#2d22e00f8cddeb5fde5dd33522b56d1cf569a81c"
  integrity sha512-iAB+JbDEGXhyIUavoDl9WP/Jj106Kz9DEn1DPgYw5ruDn0e3Wgi3sKFm55sASdGBNOQB8F59d9qQ7deqrHA8wQ==

asynckit@^0.4.0:
  version "0.4.0"
  resolved "https://registry.npmjs.org/asynckit/-/asynckit-0.4.0.tgz#c79ed97f7f34cb8f2ba1bc9790bcc366474b4b79"
  integrity sha512-Oei9OH4tRh0YqU3GxhX79dM/mwVgvbZJaSNaRk+bshkj0S5cfHcgYakreBjrHwatXKbz+IoIdYLxrKim2MjW0Q==

axios@^1.1.3:
  version "1.1.3"
  resolved "https://registry.npmjs.org/axios/-/axios-1.1.3.tgz#8274250dada2edf53814ed7db644b9c2866c1e35"
  integrity sha512-00tXVRwKx/FZr/IDVFt4C+f9FYairX517WoGCL6dpOntqLkZofjhu43F/Xl44UOpqa+9sLFDrG/XAnFsUYgkDA==
  dependencies:
    follow-redirects "^1.15.0"
    form-data "^4.0.0"
    proxy-from-env "^1.1.0"

balanced-match@^1.0.0:
  version "1.0.2"
  resolved "https://registry.npmjs.org/balanced-match/-/balanced-match-1.0.2.tgz#e83e3a7e3f300b34cb9d87f615fa0cbf357690ee"
  integrity sha512-3oSeUO0TMV67hN1AmbXsK4yaqU7tjiHlbxRDZOpH0KW9+CeX4bRAaX0Anxt0tx2MrpRpWwQaPwIlISEJhYU5Pw==

base64-js@^1.3.1:
  version "1.5.1"
  resolved "https://registry.npmjs.org/base64-js/-/base64-js-1.5.1.tgz#1b1b440160a5bf7ad40b650f095963481903930a"
  integrity sha512-AKpaYlHn8t4SVbOHCy+b5+KKgvR4vrsD8vbvrbiQJps7fKDTkjkDry6ji0rUJjC0kzbNePLwzxq8iypo41qeWA==

bl@^4.0.3:
  version "4.1.0"
  resolved "https://registry.npmjs.org/bl/-/bl-4.1.0.tgz#451535264182bec2fbbc83a62ab98cf11d9f7b3a"
  integrity sha512-1W07cM9gS6DcLperZfFSj+bWLtaPGSOHWhPiGzXmvVJbRLdG82sH/Kn8EtW1VqWVA54AKf2h5k5BbnIbwF3h6w==
  dependencies:
    buffer "^5.5.0"
    inherits "^2.0.4"
    readable-stream "^3.4.0"

brace-expansion@^1.1.7:
  version "1.1.11"
  resolved "https://registry.npmjs.org/brace-expansion/-/brace-expansion-1.1.11.tgz#3c7fcbf529d87226f3d2f52b966ff5271eb441dd"
  integrity sha512-iCuPHDFgrHX7H2vEI/5xpz07zSHB00TpugqhmYtVmMO6518mCuRMoOYFldEBl0g187ufozdaHgWKcYFb61qGiA==
  dependencies:
    balanced-match "^1.0.0"
    concat-map "0.0.1"

brace-expansion@^2.0.1:
  version "2.0.1"
  resolved "https://registry.npmjs.org/brace-expansion/-/brace-expansion-2.0.1.tgz#1edc459e0f0c548486ecf9fc99f2221364b9a0ae"
  integrity sha512-XnAIvQ8eM+kC6aULx6wuQiwVsnzsi9d3WxzV3FpWTGA19F621kwdbsAcFKXgKUHZWsy+mY6iL1sHTxWEFCytDA==
  dependencies:
    balanced-match "^1.0.0"

buffer-crc32@^0.2.1, buffer-crc32@^0.2.13:
  version "0.2.13"
  resolved "https://registry.npmjs.org/buffer-crc32/-/buffer-crc32-0.2.13.tgz#0d333e3f00eac50aa1454abd30ef8c2a5d9a7242"
  integrity sha512-VO9Ht/+p3SN7SKWqcrgEzjGbRSJYTx+Q1pTQC0wrWqHx0vpJraQ6GtHx8tvcg1rlK1byhU5gccxgOgj7B0TDkQ==

buffer@^5.5.0:
  version "5.7.1"
  resolved "https://registry.npmjs.org/buffer/-/buffer-5.7.1.tgz#ba62e7c13133053582197160851a8f648e99eed0"
  integrity sha512-EHcyIPBQ4BSGlvjB16k5KgAJ27CIsHY/2JBmCRReo48y9rQ3MaUzWX3KVlBa4U7MyX02HdVj0K7C3WaB3ju7FQ==
  dependencies:
    base64-js "^1.3.1"
    ieee754 "^1.1.13"

combined-stream@^1.0.8:
  version "1.0.8"
  resolved "https://registry.npmjs.org/combined-stream/-/combined-stream-1.0.8.tgz#c3d45a8b34fd730631a110a8a2520682b31d5a7f"
  integrity sha512-FQN4MRfuJeHf7cBbBMJFXhKSDq+2kAArBlmRBvcvFE5BB1HZKXtSFASDhdlz9zOYwxh8lDdnvmMOe/+5cdoEdg==
  dependencies:
    delayed-stream "~1.0.0"

compress-commons@^4.1.0:
  version "4.1.1"
  resolved "https://registry.npmjs.org/compress-commons/-/compress-commons-4.1.1.tgz#df2a09a7ed17447642bad10a85cc9a19e5c42a7d"
  integrity sha512-QLdDLCKNV2dtoTorqgxngQCMA+gWXkM/Nwu7FpeBhk/RdkzimqC3jueb/FDmaZeXh+uby1jkBqE3xArsLBE5wQ==
  dependencies:
    buffer-crc32 "^0.2.13"
    crc32-stream "^4.0.2"
    normalize-path "^3.0.0"
    readable-stream "^3.6.0"

concat-map@0.0.1:
  version "0.0.1"
  resolved "https://registry.npmjs.org/concat-map/-/concat-map-0.0.1.tgz#d8a96bd77fd68df7793a73036a3ba0d5405d477b"
  integrity sha512-/Srv4dswyQNBfohGpz9o6Yb3Gz3SrUDqBH5rTuhGR7ahtlbYKnVxw2bCFMRljaA7EXHaXZ8wsHdodFvbkhKmqg==

core-util-is@~1.0.0:
  version "1.0.3"
  resolved "https://registry.npmjs.org/core-util-is/-/core-util-is-1.0.3.tgz#a6042d3634c2b27e9328f837b965fac83808db85"
  integrity sha512-ZQBvi1DcpJ4GDqanjucZ2Hj3wEO5pZDS89BWbkcrvdxksJorwUDDZamX9ldFkp9aw2lmBDLgkObEA4DWNJ9FYQ==

crc-32@^1.2.0:
  version "1.2.2"
  resolved "https://registry.npmjs.org/crc-32/-/crc-32-1.2.2.tgz#3cad35a934b8bf71f25ca524b6da51fb7eace2ff"
  integrity sha512-ROmzCKrTnOwybPcJApAA6WBWij23HVfGVNKqqrZpuyZOHqK2CwHSvpGuyt/UNNvaIjEd8X5IFGp4Mh+Ie1IHJQ==

crc32-stream@^4.0.2:
  version "4.0.2"
  resolved "https://registry.npmjs.org/crc32-stream/-/crc32-stream-4.0.2.tgz#c922ad22b38395abe9d3870f02fa8134ed709007"
  integrity sha512-DxFZ/Hk473b/muq1VJ///PMNLj0ZMnzye9thBpmjpJKCc5eMgB95aK8zCGrGfQ90cWo561Te6HK9D+j4KPdM6w==
  dependencies:
    crc-32 "^1.2.0"
    readable-stream "^3.4.0"

css-render@^0.15.10:
  version "0.15.11"
  resolved "https://registry.npmjs.org/css-render/-/css-render-0.15.11.tgz#52a77cd8335394485be2417675121c2efe954bb5"
  integrity sha512-hnLrHPUndVUTF5nmNPRey6hpixK02IPUGdEsm2xRjvJuewToyrVFx9Nmai8rgfVzhTFo5SJVh2PHAtzaIV8JKw==
  dependencies:
    "@emotion/hash" "~0.8.0"
    "@types/node" "~17.0.5"
    csstype "~3.0.5"

csstype@^2.6.8:
  version "2.6.21"
  resolved "https://registry.npmjs.org/csstype/-/csstype-2.6.21.tgz#2efb85b7cc55c80017c66a5ad7cbd931fda3a90e"
  integrity sha512-Z1PhmomIfypOpoMjRQB70jfvy/wxT50qW08YXO5lMIJkrdq4yOTR+AW7FqutScmB9NkLwxo+jU+kZLbofZZq/w==

csstype@~3.0.5:
  version "3.0.11"
  resolved "https://registry.npmjs.org/csstype/-/csstype-3.0.11.tgz#d66700c5eacfac1940deb4e3ee5642792d85cd33"
  integrity sha512-sa6P2wJ+CAbgyy4KFssIb/JNMLxFvKF1pCYCSXS8ZMuqZnMsrxqI2E5sPyoTpxoPU/gVZMzr2zjOfg8GIZOMsw==

date-fns-tz@^1.3.3:
  version "1.3.7"
  resolved "https://registry.npmjs.org/date-fns-tz/-/date-fns-tz-1.3.7.tgz#e8e9d2aaceba5f1cc0e677631563081fdcb0e69a"
  integrity sha512-1t1b8zyJo+UI8aR+g3iqr5fkUHWpd58VBx8J/ZSQ+w7YrGlw80Ag4sA86qkfCXRBLmMc4I2US+aPMd4uKvwj5g==

date-fns@^2.28.0:
  version "2.29.3"
  resolved "https://registry.npmjs.org/date-fns/-/date-fns-2.29.3.tgz#27402d2fc67eb442b511b70bbdf98e6411cd68a8"
  integrity sha512-dDCnyH2WnnKusqvZZ6+jA1O51Ibt8ZMRNkDZdyAyK4YfbDwa/cEmuztzG5pk6hqlp9aSBPYcjOlktquahGwGeA==

de-indent@^1.0.2:
  version "1.0.2"
  resolved "https://registry.npmjs.org/de-indent/-/de-indent-1.0.2.tgz#b2038e846dc33baa5796128d0804b455b8c1e21d"
  integrity sha512-e/1zu3xH5MQryN2zdVaF0OrdNLUbvWxzMbi+iNA6Bky7l1RoP8a2fIbRocyHclXt/arDrrR6lL3TqFD9pMQTsg==

delayed-stream@~1.0.0:
  version "1.0.0"
  resolved "https://registry.npmjs.org/delayed-stream/-/delayed-stream-1.0.0.tgz#df3ae199acadfb7d440aaae0b29e2272b24ec619"
  integrity sha512-ZySD7Nf91aLB0RxL4KGrKHBXl7Eds1DAmEdcoVawXnLD7SDhpNgtuII2aAkg7a7QS41jxPSZ17p4VdGnMHk3MQ==

echarts@^5.3.3:
  version "5.4.0"
  resolved "https://registry.npmjs.org/echarts/-/echarts-5.4.0.tgz#a9a8e5367293a397408d3bf3e2638b869249ce04"
  integrity sha512-uPsO9VRUIKAdFOoH3B0aNg7NRVdN7aM39/OjovjO9MwmWsAkfGyeXJhK+dbRi51iDrQWliXV60/XwLA7kg3z0w==
  dependencies:
    tslib "2.3.0"
    zrender "5.4.0"

end-of-stream@^1.4.1:
  version "1.4.4"
  resolved "https://registry.npmjs.org/end-of-stream/-/end-of-stream-1.4.4.tgz#5ae64a5f45057baf3626ec14da0ca5e4b2431eb0"
  integrity sha512-+uw1inIHVPQoaVuHzRyXd21icM+cnt4CzD5rW+NC1wjOUSTOs+Te7FOv7AhN7vS9x/oIyhLP5PR1H+phQAHu5Q==
  dependencies:
    once "^1.4.0"

esbuild-android-64@0.15.12:
  version "0.15.12"
  resolved "https://registry.npmjs.org/esbuild-android-64/-/esbuild-android-64-0.15.12.tgz#5e8151d5f0a748c71a7fbea8cee844ccf008e6fc"
  integrity sha512-MJKXwvPY9g0rGps0+U65HlTsM1wUs9lbjt5CU19RESqycGFDRijMDQsh68MtbzkqWSRdEtiKS1mtPzKneaAI0Q==

esbuild-android-arm64@0.15.12:
  version "0.15.12"
  resolved "https://registry.npmjs.org/esbuild-android-arm64/-/esbuild-android-arm64-0.15.12.tgz#5ee72a6baa444bc96ffcb472a3ba4aba2cc80666"
  integrity sha512-Hc9SEcZbIMhhLcvhr1DH+lrrec9SFTiRzfJ7EGSBZiiw994gfkVV6vG0sLWqQQ6DD7V4+OggB+Hn0IRUdDUqvA==

esbuild-darwin-64@0.15.12:
  version "0.15.12"
  resolved "https://registry.npmjs.org/esbuild-darwin-64/-/esbuild-darwin-64-0.15.12.tgz#70047007e093fa1b3ba7ef86f9b3fa63db51fe25"
  integrity sha512-qkmqrTVYPFiePt5qFjP8w/S+GIUMbt6k8qmiPraECUWfPptaPJUGkCKrWEfYFRWB7bY23FV95rhvPyh/KARP8Q==

esbuild-darwin-arm64@0.15.12:
  version "0.15.12"
  resolved "https://registry.npmjs.org/esbuild-darwin-arm64/-/esbuild-darwin-arm64-0.15.12.tgz#41c951f23d9a70539bcca552bae6e5196696ae04"
  integrity sha512-z4zPX02tQ41kcXMyN3c/GfZpIjKoI/BzHrdKUwhC/Ki5BAhWv59A9M8H+iqaRbwpzYrYidTybBwiZAIWCLJAkw==

esbuild-freebsd-64@0.15.12:
  version "0.15.12"
  resolved "https://registry.npmjs.org/esbuild-freebsd-64/-/esbuild-freebsd-64-0.15.12.tgz#a761b5afd12bbedb7d56c612e9cfa4d2711f33f0"
  integrity sha512-XFL7gKMCKXLDiAiBjhLG0XECliXaRLTZh6hsyzqUqPUf/PY4C6EJDTKIeqqPKXaVJ8+fzNek88285krSz1QECw==

esbuild-freebsd-arm64@0.15.12:
  version "0.15.12"
  resolved "https://registry.npmjs.org/esbuild-freebsd-arm64/-/esbuild-freebsd-arm64-0.15.12.tgz#6b0839d4d58deabc6cbd96276eb8cbf94f7f335e"
  integrity sha512-jwEIu5UCUk6TjiG1X+KQnCGISI+ILnXzIzt9yDVrhjug2fkYzlLbl0K43q96Q3KB66v6N1UFF0r5Ks4Xo7i72g==

esbuild-linux-32@0.15.12:
  version "0.15.12"
  resolved "https://registry.npmjs.org/esbuild-linux-32/-/esbuild-linux-32-0.15.12.tgz#bd50bfe22514d434d97d5150977496e2631345b4"
  integrity sha512-uSQuSEyF1kVzGzuIr4XM+v7TPKxHjBnLcwv2yPyCz8riV8VUCnO/C4BF3w5dHiVpCd5Z1cebBtZJNlC4anWpwA==

esbuild-linux-64@0.15.12:
  version "0.15.12"
  resolved "https://registry.npmjs.org/esbuild-linux-64/-/esbuild-linux-64-0.15.12.tgz#074bb2b194bf658245f8490f29c01ffcdfa8c931"
  integrity sha512-QcgCKb7zfJxqT9o5z9ZUeGH1k8N6iX1Y7VNsEi5F9+HzN1OIx7ESxtQXDN9jbeUSPiRH1n9cw6gFT3H4qbdvcA==

esbuild-linux-arm64@0.15.12:
  version "0.15.12"
  resolved "https://registry.npmjs.org/esbuild-linux-arm64/-/esbuild-linux-arm64-0.15.12.tgz#3bf789c4396dc032875a122988efd6f3733f28f5"
  integrity sha512-HtNq5xm8fUpZKwWKS2/YGwSfTF+339L4aIA8yphNKYJckd5hVdhfdl6GM2P3HwLSCORS++++7++//ApEwXEuAQ==

esbuild-linux-arm@0.15.12:
  version "0.15.12"
  resolved "https://registry.npmjs.org/esbuild-linux-arm/-/esbuild-linux-arm-0.15.12.tgz#b91b5a8d470053f6c2c9c8a5e67ec10a71fe4a67"
  integrity sha512-Wf7T0aNylGcLu7hBnzMvsTfEXdEdJY/hY3u36Vla21aY66xR0MS5I1Hw8nVquXjTN0A6fk/vnr32tkC/C2lb0A==

esbuild-linux-mips64le@0.15.12:
  version "0.15.12"
  resolved "https://registry.npmjs.org/esbuild-linux-mips64le/-/esbuild-linux-mips64le-0.15.12.tgz#2fb54099ada3c950a7536dfcba46172c61e580e2"
  integrity sha512-Qol3+AvivngUZkTVFgLpb0H6DT+N5/zM3V1YgTkryPYFeUvuT5JFNDR3ZiS6LxhyF8EE+fiNtzwlPqMDqVcc6A==

esbuild-linux-ppc64le@0.15.12:
  version "0.15.12"
  resolved "https://registry.npmjs.org/esbuild-linux-ppc64le/-/esbuild-linux-ppc64le-0.15.12.tgz#9e3b8c09825fb27886249dfb3142a750df29a1b7"
  integrity sha512-4D8qUCo+CFKaR0cGXtGyVsOI7w7k93Qxb3KFXWr75An0DHamYzq8lt7TNZKoOq/Gh8c40/aKaxvcZnTgQ0TJNg==

esbuild-linux-riscv64@0.15.12:
  version "0.15.12"
  resolved "https://registry.npmjs.org/esbuild-linux-riscv64/-/esbuild-linux-riscv64-0.15.12.tgz#923d0f5b6e12ee0d1fe116b08e4ae4478fe40693"
  integrity sha512-G9w6NcuuCI6TUUxe6ka0enjZHDnSVK8bO+1qDhMOCtl7Tr78CcZilJj8SGLN00zO5iIlwNRZKHjdMpfFgNn1VA==

esbuild-linux-s390x@0.15.12:
  version "0.15.12"
  resolved "https://registry.npmjs.org/esbuild-linux-s390x/-/esbuild-linux-s390x-0.15.12.tgz#3b1620220482b96266a0c6d9d471d451a1eab86f"
  integrity sha512-Lt6BDnuXbXeqSlVuuUM5z18GkJAZf3ERskGZbAWjrQoi9xbEIsj/hEzVnSAFLtkfLuy2DE4RwTcX02tZFunXww==

esbuild-netbsd-64@0.15.12:
  version "0.15.12"
  resolved "https://registry.npmjs.org/esbuild-netbsd-64/-/esbuild-netbsd-64-0.15.12.tgz#276730f80da646859b1af5a740e7802d8cd73e42"
  integrity sha512-jlUxCiHO1dsqoURZDQts+HK100o0hXfi4t54MNRMCAqKGAV33JCVvMplLAa2FwviSojT/5ZG5HUfG3gstwAG8w==

esbuild-openbsd-64@0.15.12:
  version "0.15.12"
  resolved "https://registry.npmjs.org/esbuild-openbsd-64/-/esbuild-openbsd-64-0.15.12.tgz#bd0eea1dd2ca0722ed489d88c26714034429f8ae"
  integrity sha512-1o1uAfRTMIWNOmpf8v7iudND0L6zRBYSH45sofCZywrcf7NcZA+c7aFsS1YryU+yN7aRppTqdUK1PgbZVaB1Dw==

esbuild-sunos-64@0.15.12:
  version "0.15.12"
  resolved "https://registry.npmjs.org/esbuild-sunos-64/-/esbuild-sunos-64-0.15.12.tgz#5e56bf9eef3b2d92360d6d29dcde7722acbecc9e"
  integrity sha512-nkl251DpoWoBO9Eq9aFdoIt2yYmp4I3kvQjba3jFKlMXuqQ9A4q+JaqdkCouG3DHgAGnzshzaGu6xofGcXyPXg==

esbuild-windows-32@0.15.12:
  version "0.15.12"
  resolved "https://registry.npmjs.org/esbuild-windows-32/-/esbuild-windows-32-0.15.12.tgz#a4f1a301c1a2fa7701fcd4b91ef9d2620cf293d0"
  integrity sha512-WlGeBZHgPC00O08luIp5B2SP4cNCp/PcS+3Pcg31kdcJPopHxLkdCXtadLU9J82LCfw4TVls21A6lilQ9mzHrw==

esbuild-windows-64@0.15.12:
  version "0.15.12"
  resolved "https://registry.npmjs.org/esbuild-windows-64/-/esbuild-windows-64-0.15.12.tgz#bc2b467541744d653be4fe64eaa9b0dbbf8e07f6"
  integrity sha512-VActO3WnWZSN//xjSfbiGOSyC+wkZtI8I4KlgrTo5oHJM6z3MZZBCuFaZHd8hzf/W9KPhF0lY8OqlmWC9HO5AA==

esbuild-windows-arm64@0.15.12:
  version "0.15.12"
  resolved "https://registry.npmjs.org/esbuild-windows-arm64/-/esbuild-windows-arm64-0.15.12.tgz#9a7266404334a86be800957eaee9aef94c3df328"
  integrity sha512-Of3MIacva1OK/m4zCNIvBfz8VVROBmQT+gRX6pFTLPngFYcj6TFH/12VveAqq1k9VB2l28EoVMNMUCcmsfwyuA==

esbuild@^0.15.9:
  version "0.15.12"
  resolved "https://registry.npmjs.org/esbuild/-/esbuild-0.15.12.tgz#6c8e22d6d3b7430d165c33848298d3fc9a1f251c"
  integrity sha512-PcT+/wyDqJQsRVhaE9uX/Oq4XLrFh0ce/bs2TJh4CSaw9xuvI+xFrH2nAYOADbhQjUgAhNWC5LKoUsakm4dxng==
  optionalDependencies:
    "@esbuild/android-arm" "0.15.12"
    "@esbuild/linux-loong64" "0.15.12"
    esbuild-android-64 "0.15.12"
    esbuild-android-arm64 "0.15.12"
    esbuild-darwin-64 "0.15.12"
    esbuild-darwin-arm64 "0.15.12"
    esbuild-freebsd-64 "0.15.12"
    esbuild-freebsd-arm64 "0.15.12"
    esbuild-linux-32 "0.15.12"
    esbuild-linux-64 "0.15.12"
    esbuild-linux-arm "0.15.12"
    esbuild-linux-arm64 "0.15.12"
    esbuild-linux-mips64le "0.15.12"
    esbuild-linux-ppc64le "0.15.12"
    esbuild-linux-riscv64 "0.15.12"
    esbuild-linux-s390x "0.15.12"
    esbuild-netbsd-64 "0.15.12"
    esbuild-openbsd-64 "0.15.12"
    esbuild-sunos-64 "0.15.12"
    esbuild-windows-32 "0.15.12"
    esbuild-windows-64 "0.15.12"
    esbuild-windows-arm64 "0.15.12"

estree-walker@^2.0.2:
  version "2.0.2"
  resolved "https://registry.npmjs.org/estree-walker/-/estree-walker-2.0.2.tgz#52f010178c2a4c117a7757cfe942adb7d2da4cac"
  integrity sha512-Rfkk/Mp/DL7JVje3u18FxFujQlTNR2q6QfMSMB7AvCBx91NGj/ba3kCfza0f6dVDbw7YlRf/nDrn7pQrCCyQ/w==

evtd@^0.2.2, evtd@^0.2.4:
  version "0.2.4"
  resolved "https://registry.npmjs.org/evtd/-/evtd-0.2.4.tgz#0aac39ba44d6926e6668948ac27618e0795b9d07"
  integrity sha512-qaeGN5bx63s/AXgQo8gj6fBkxge+OoLddLniox5qtLAEY5HSnuSlISXVPxnSae1dWblvTh4/HoMIB+mbMsvZzw==

follow-redirects@^1.15.0:
  version "1.15.2"
  resolved "https://registry.npmjs.org/follow-redirects/-/follow-redirects-1.15.2.tgz#b460864144ba63f2681096f274c4e57026da2c13"
  integrity sha512-VQLG33o04KaQ8uYi2tVNbdrWp1QWxNNea+nmIB4EVM28v0hmP17z7aG1+wAkNzVq4KeXTq3221ye5qTJP91JwA==

form-data@^4.0.0:
  version "4.0.0"
  resolved "https://registry.npmjs.org/form-data/-/form-data-4.0.0.tgz#93919daeaf361ee529584b9b31664dc12c9fa452"
  integrity sha512-ETEklSGi5t0QMZuiXoA/Q6vcnxcLQP5vdugSpuAyi6SVGi2clPPp+xgEhuMaHC+zGgn31Kd235W35f7Hykkaww==
  dependencies:
    asynckit "^0.4.0"
    combined-stream "^1.0.8"
    mime-types "^2.1.12"

fs-constants@^1.0.0:
  version "1.0.0"
  resolved "https://registry.npmjs.org/fs-constants/-/fs-constants-1.0.0.tgz#6be0de9be998ce16af8afc24497b9ee9b7ccd9ad"
  integrity sha512-y6OAwoSIf7FyjMIv94u+b5rdheZEjzR63GTyZJm5qh4Bi+2YgwLCcI/fPFZkL5PSixOt6ZNKm+w+Hfp/Bciwow==

fs.realpath@^1.0.0:
  version "1.0.0"
  resolved "https://registry.npmjs.org/fs.realpath/-/fs.realpath-1.0.0.tgz#1504ad2523158caa40db4a2787cb01411994ea4f"
  integrity sha512-OO0pH2lK6a0hZnAdau5ItzHPI6pUlvI7jMVnxUQRtw4owF2wk8lOSabtGDCTP4Ggrg2MbGnWO9X8K1t4+fGMDw==

fsevents@~2.3.2:
  version "2.3.2"
  resolved "https://registry.npmjs.org/fsevents/-/fsevents-2.3.2.tgz#8a526f78b8fdf4623b709e0b975c52c24c02fd1a"
  integrity sha512-xiqMQR4xAeHTuB9uWm+fFRcIOgKBMiOBP+eXiyT7jsgVCq1bkVygt00oASowB7EdtpOHaaPgKt812P9ab+DDKA==

function-bind@^1.1.1:
  version "1.1.1"
  resolved "https://registry.npmjs.org/function-bind/-/function-bind-1.1.1.tgz#a56899d3ea3c9bab874bb9773b7c5ede92f4895d"
  integrity sha512-yIovAzMX49sF8Yl58fSCWJ5svSLuaibPxXQJFLmBObTuCr0Mf1KiPopGM9NiFjiYBCbfaa2Fh6breQ6ANVTI0A==

glob@^7.1.4:
  version "7.2.3"
  resolved "https://registry.npmjs.org/glob/-/glob-7.2.3.tgz#b8df0fb802bbfa8e89bd1d938b4e16578ed44f2b"
  integrity sha512-nFR0zLpU2YCaRxwoCJvL6UvCH2JFyFVIvwTLsIf21AuHlMskA1hhTdk+LlYJtOlYt9v6dvszD2BGRqBL+iQK9Q==
  dependencies:
    fs.realpath "^1.0.0"
    inflight "^1.0.4"
    inherits "2"
    minimatch "^3.1.1"
    once "^1.3.0"
    path-is-absolute "^1.0.0"

graceful-fs@^4.2.0:
  version "4.2.10"
  resolved "https://registry.npmjs.org/graceful-fs/-/graceful-fs-4.2.10.tgz#147d3a006da4ca3ce14728c7aefc287c367d7a6c"
  integrity sha512-9ByhssR2fPVsNZj478qUUbKfmL0+t5BDVyjShtyZZLiK7ZDAArFFfopyOTj0M05wE2tJPisA4iTnnXl2YoPvOA==

has@^1.0.3:
  version "1.0.3"
  resolved "https://registry.npmjs.org/has/-/has-1.0.3.tgz#722d7cbfc1f6aa8241f16dd814e011e1f41e8796"
  integrity sha512-f2dvO0VU6Oej7RkWJGrehjbzMAjFp5/VKPp5tTpWIV4JHHZK1/BxbFRtf/siA2SWTe09caDmVtYYzWEIbBS4zw==
  dependencies:
    function-bind "^1.1.1"

he@^1.2.0:
  version "1.2.0"
  resolved "https://registry.npmjs.org/he/-/he-1.2.0.tgz#84ae65fa7eafb165fddb61566ae14baf05664f0f"
  integrity sha512-F/1DnUGPopORZi0ni+CvrCgHQ5FyEAHRLSApuYWMmrbSwoN2Mn/7k+Gl38gJnR7yyDZk6WLXwiGod1JOWNDKGw==

highlight.js@^11.5.0:
  version "11.6.0"
  resolved "https://registry.npmjs.org/highlight.js/-/highlight.js-11.6.0.tgz#a50e9da05763f1bb0c1322c8f4f755242cff3f5a"
  integrity sha512-ig1eqDzJaB0pqEvlPVIpSSyMaO92bH1N2rJpLMN/nX396wTpDA4Eq0uK+7I/2XG17pFaaKE0kjV/XPeGt7Evjw==

ieee754@^1.1.13:
  version "1.2.1"
  resolved "https://registry.npmjs.org/ieee754/-/ieee754-1.2.1.tgz#8eb7a10a63fff25d15a57b001586d177d1b0d352"
  integrity sha512-dcyqhDvX1C46lXZcVqCpK+FtMRQVdIMN6/Df5js2zouUsqG7I6sFxitIC+7KYK29KdXOLHdu9zL4sFnoVQnqaA==

inflight@^1.0.4:
  version "1.0.6"
  resolved "https://registry.npmjs.org/inflight/-/inflight-1.0.6.tgz#49bd6331d7d02d0c09bc910a1075ba8165b56df9"
  integrity sha512-k92I/b08q4wvFscXCLvqfsHCrjrF7yiXsQuIVvVE7N82W3+aqpzuUdBbfhWcy/FZR3/4IgflMgKLOsvPDrGCJA==
  dependencies:
    once "^1.3.0"
    wrappy "1"

inherits@2, inherits@^2.0.3, inherits@^2.0.4, inherits@~2.0.3:
  version "2.0.4"
  resolved "https://registry.npmjs.org/inherits/-/inherits-2.0.4.tgz#0fa2c64f932917c3433a0ded55363aae37416b7c"
  integrity sha512-k/vGaX4/Yla3WzyMCvTQOXYeIHvqOKtnqBduzTHpzpQZzAskKMhZ2K+EnBiSM9zGSoIFeMpXKxa4dYeZIQqewQ==

is-core-module@^2.9.0:
  version "2.11.0"
  resolved "https://registry.npmjs.org/is-core-module/-/is-core-module-2.11.0.tgz#ad4cb3e3863e814523c96f3f58d26cc570ff0144"
  integrity sha512-RRjxlvLDkD1YJwDbroBHMb+cukurkDWNyHx7D3oNB5x9rb5ogcksMC5wHCadcXoo67gVr/+3GFySh3134zi6rw==
  dependencies:
    has "^1.0.3"

isarray@~1.0.0:
  version "1.0.0"
  resolved "https://registry.npmjs.org/isarray/-/isarray-1.0.0.tgz#bb935d48582cba168c06834957a54a3e07124f11"
  integrity sha512-VLghIWNM6ELQzo7zwmcg0NmTVyWKYjvIeM83yjp0wRDTmUnrM678fQbcKBo6n2CJEF0szoG//ytg+TKla89ALQ==

lazystream@^1.0.0:
  version "1.0.1"
  resolved "https://registry.npmjs.org/lazystream/-/lazystream-1.0.1.tgz#494c831062f1f9408251ec44db1cba29242a2638"
  integrity sha512-b94GiNHQNy6JNTrt5w6zNyffMrNkXZb3KTkCZJb2V1xaEGCk093vkZ2jk3tpaeP33/OiXC+WvK9AxUebnf5nbw==
  dependencies:
    readable-stream "^2.0.5"

lodash-es@^4.17.21:
  version "4.17.21"
  resolved "https://registry.npmjs.org/lodash-es/-/lodash-es-4.17.21.tgz#43e626c46e6591b7750beb2b50117390c609e3ee"
  integrity sha512-mKnC+QJ9pWVzv+C4/U3rRsHapFfHvQFoFB92e52xeyGMcX6/OlIl78je1u8vePzYZSkkogMPJ2yjxxsb89cxyw==

lodash.defaults@^4.2.0:
  version "4.2.0"
  resolved "https://registry.npmjs.org/lodash.defaults/-/lodash.defaults-4.2.0.tgz#d09178716ffea4dde9e5fb7b37f6f0802274580c"
  integrity sha512-qjxPLHd3r5DnsdGacqOMU6pb/avJzdh9tFX2ymgoZE27BmjXrNy/y4LoaiTeAb+O3gL8AfpJGtqfX/ae2leYYQ==

lodash.difference@^4.5.0:
  version "4.5.0"
  resolved "https://registry.npmjs.org/lodash.difference/-/lodash.difference-4.5.0.tgz#9ccb4e505d486b91651345772885a2df27fd017c"
  integrity sha512-dS2j+W26TQ7taQBGN8Lbbq04ssV3emRw4NY58WErlTO29pIqS0HmoT5aJ9+TUQ1N3G+JOZSji4eugsWwGp9yPA==

lodash.flatten@^4.4.0:
  version "4.4.0"
  resolved "https://registry.npmjs.org/lodash.flatten/-/lodash.flatten-4.4.0.tgz#f31c22225a9632d2bbf8e4addbef240aa765a61f"
  integrity sha512-C5N2Z3DgnnKr0LOpv/hKCgKdb7ZZwafIrsesve6lmzvZIRZRGaZ/l6Q8+2W7NaT+ZwO3fFlSCzCzrDCFdJfZ4g==

lodash.isplainobject@^4.0.6:
  version "4.0.6"
  resolved "https://registry.npmjs.org/lodash.isplainobject/-/lodash.isplainobject-4.0.6.tgz#7c526a52d89b45c45cc690b88163be0497f550cb"
  integrity sha512-oSXzaWypCMHkPC3NvBEaPHf0KsA5mvPrOPgQWDsbg8n7orZ290M0BmC/jgRZ4vcJ6DTAhjrsSYgdsW/F+MFOBA==

lodash.union@^4.6.0:
  version "4.6.0"
  resolved "https://registry.npmjs.org/lodash.union/-/lodash.union-4.6.0.tgz#48bb5088409f16f1821666641c44dd1aaae3cd88"
  integrity sha512-c4pB2CdGrGdjMKYLA+XiRDO7Y0PRQbm/Gzg8qMj+QH+pFVAoTp5sBpO0odL3FjoPCGjK96p6qsP+yQoiLoOBcw==

lodash@^4.17.21:
  version "4.17.21"
  resolved "https://registry.npmjs.org/lodash/-/lodash-4.17.21.tgz#679591c564c3bffaae8454cf0b3df370c3d6911c"
  integrity sha512-v2kDEe57lecTulaDIuNTPy3Ry4gLGJ6Z1O3vE1krgXZNrsQ+LFTGHVxVjcXPs17LhbZVGedAJv8XZ1tvj5FvSg==

magic-string@^0.25.7:
  version "0.25.9"
  resolved "https://registry.npmjs.org/magic-string/-/magic-string-0.25.9.tgz#de7f9faf91ef8a1c91d02c2e5314c8277dbcdd1c"
  integrity sha512-RmF0AsMzgt25qzqqLc1+MbHmhdx0ojF2Fvs4XnOqz2ZOBXzzkEwc/dJQZCYHAn7v1jbVOjAZfK8msRn4BxO4VQ==
  dependencies:
    sourcemap-codec "^1.4.8"

mime-db@1.52.0:
  version "1.52.0"
  resolved "https://registry.npmjs.org/mime-db/-/mime-db-1.52.0.tgz#bbabcdc02859f4987301c856e3387ce5ec43bf70"
  integrity sha512-sPU4uV7dYlvtWJxwwxHD0PuihVNiE7TyAbQ5SWxDCB9mUYvOgroQOwYQQOKPJ8CIbE+1ETVlOoK1UC2nU3gYvg==

mime-types@^2.1.12:
  version "2.1.35"
  resolved "https://registry.npmjs.org/mime-types/-/mime-types-2.1.35.tgz#381a871b62a734450660ae3deee44813f70d959a"
  integrity sha512-ZDY+bPm5zTTF+YpCrAU9nK0UgICYPT0QtT1NZWFv4s++TNkcgVaT0g6+4R2uI4MjQjzysHB1zxuWL50hzaeXiw==
  dependencies:
    mime-db "1.52.0"

minimatch@^3.1.1:
  version "3.1.2"
  resolved "https://registry.npmjs.org/minimatch/-/minimatch-3.1.2.tgz#19cd194bfd3e428f049a70817c038d89ab4be35b"
  integrity sha512-J7p63hRiAjw1NDEww1W7i37+ByIrOWO5XQQAzZ3VOcL0PNybwpfmV/N05zFAzwQ9USyEcX6t3UO+K5aqBQOIHw==
  dependencies:
    brace-expansion "^1.1.7"

minimatch@^5.1.0:
  version "5.1.0"
  resolved "https://registry.npmjs.org/minimatch/-/minimatch-5.1.0.tgz#1717b464f4971b144f6aabe8f2d0b8e4511e09c7"
  integrity sha512-9TPBGGak4nHfGZsPBohm9AWg6NoT7QTCehS3BIJABslyZbzxfV78QM2Y6+i741OPZIafFAaiiEMh5OyIrJPgtg==
  dependencies:
    brace-expansion "^2.0.1"

muggle-string@^0.1.0:
  version "0.1.0"
  resolved "https://registry.npmjs.org/muggle-string/-/muggle-string-0.1.0.tgz#1fda8a281c8b27bb8b70466dbc9f27586a8baa6c"
  integrity sha512-Tr1knR3d2mKvvWthlk7202rywKbiOm4rVFLsfAaSIhJ6dt9o47W4S+JMtWhd/PW9Wrdew2/S2fSvhz3E2gkfEg==

naive-ui@^2.33.5:
  version "2.33.5"
  resolved "https://registry.npmjs.org/naive-ui/-/naive-ui-2.33.5.tgz#4ae532046c26a8dca61dc857f9566d25d1b9a642"
  integrity sha512-O87zwOduut3Xk9NzGIX+LZYr6sW/Y0oGuNJ6T2dka+14CtHD9iidi8gdxg6obhMpzdwa3SnlxO7nzDLqmXVUwA==
  dependencies:
    "@css-render/plugin-bem" "^0.15.10"
    "@css-render/vue3-ssr" "^0.15.10"
    "@types/lodash" "^4.14.181"
    "@types/lodash-es" "^4.17.6"
    async-validator "^4.0.7"
    css-render "^0.15.10"
    date-fns "^2.28.0"
    date-fns-tz "^1.3.3"
    evtd "^0.2.4"
    highlight.js "^11.5.0"
    lodash "^4.17.21"
    lodash-es "^4.17.21"
    seemly "^0.3.6"
    treemate "^0.3.11"
    vdirs "^0.1.8"
    vooks "^0.2.12"
    vueuc "^0.4.47"

nanoid@^3.3.4:
  version "3.3.4"
  resolved "https://registry.npmjs.org/nanoid/-/nanoid-3.3.4.tgz#730b67e3cd09e2deacf03c027c81c9d9dbc5e8ab"
  integrity sha512-MqBkQh/OHTS2egovRtLk45wEyNXwF+cokD+1YPf9u5VfJiRdAiRwB2froX5Co9Rh20xs4siNPm8naNotSD6RBw==

normalize-path@^3.0.0:
  version "3.0.0"
  resolved "https://registry.npmjs.org/normalize-path/-/normalize-path-3.0.0.tgz#0dcd69ff23a1c9b11fd0978316644a0388216a65"
  integrity sha512-6eZs5Ls3WtCisHWp9S2GUy8dqkpGi4BVSz3GaqiE6ezub0512ESztXUwUB6C6IKbQkY2Pnb/mD4WYojCRwcwLA==

once@^1.3.0, once@^1.4.0:
  version "1.4.0"
  resolved "https://registry.npmjs.org/once/-/once-1.4.0.tgz#583b1aa775961d4b113ac17d9c50baef9dd76bd1"
  integrity sha512-lNaJgI+2Q5URQBkccEKHTQOPaXdUxnZZElQTZY0MFUAuaEqe1E+Nyvgdz/aIyNi6Z9MzO5dv1H8n58/GELp3+w==
  dependencies:
    wrappy "1"

path-is-absolute@^1.0.0:
  version "1.0.1"
  resolved "https://registry.npmjs.org/path-is-absolute/-/path-is-absolute-1.0.1.tgz#174b9268735534ffbc7ace6bf53a5a9e1b5c5f5f"
  integrity sha512-AVbw3UJ2e9bq64vSaS9Am0fje1Pa8pbGqTTsmXfaIiMpnr5DlDhfJOuLj9Sf95ZPVDAUerDfEk88MPmPe7UCQg==

path-parse@^1.0.7:
  version "1.0.7"
  resolved "https://registry.npmjs.org/path-parse/-/path-parse-1.0.7.tgz#fbc114b60ca42b30d9daf5858e4bd68bbedb6735"
  integrity sha512-LDJzPVEEEPR+y48z93A0Ed0yXb8pAByGWo/k5YYdYgpY2/2EsOsksJrq7lOHxryrVOn1ejG6oAp8ahvOIQD8sw==

picocolors@^1.0.0:
  version "1.0.0"
  resolved "https://registry.npmjs.org/picocolors/-/picocolors-1.0.0.tgz#cb5bdc74ff3f51892236eaf79d68bc44564ab81c"
  integrity sha512-1fygroTLlHu66zi26VoTDv8yRgm0Fccecssto+MhsZ0D/DGW2sm8E8AjW7NU5VVTRt5GxbeZ5qBuJr+HyLYkjQ==

pinia@^2.0.23:
  version "2.0.23"
  resolved "https://registry.npmjs.org/pinia/-/pinia-2.0.23.tgz#570f5f82160b656b412602789683faa95502d227"
  integrity sha512-N15hFf4o5STrxpNrib1IEb1GOArvPYf1zPvQVRGOO1G1d74Ak0J0lVyalX/SmrzdT4Q0nlEFjbURsmBmIGUR5Q==
  dependencies:
    "@vue/devtools-api" "^6.4.4"
    vue-demi "*"

postcss@^8.1.10, postcss@^8.4.18:
  version "8.4.18"
  resolved "https://registry.npmjs.org/postcss/-/postcss-8.4.18.tgz#6d50046ea7d3d66a85e0e782074e7203bc7fbca2"
  integrity sha512-Wi8mWhncLJm11GATDaQKobXSNEYGUHeQLiQqDFG1qQ5UTDPTEvKw0Xt5NsTpktGTwLps3ByrWsBrG0rB8YQ9oA==
  dependencies:
    nanoid "^3.3.4"
    picocolors "^1.0.0"
    source-map-js "^1.0.2"

process-nextick-args@~2.0.0:
  version "2.0.1"
  resolved "https://registry.npmjs.org/process-nextick-args/-/process-nextick-args-2.0.1.tgz#7820d9b16120cc55ca9ae7792680ae7dba6d7fe2"
  integrity sha512-3ouUOpQhtgrbOa17J7+uxOTpITYWaGP7/AhoR3+A+/1e9skrzelGi/dXzEYyvbxubEF6Wn2ypscTKiKJFFn1ag==

proxy-from-env@^1.1.0:
  version "1.1.0"
  resolved "https://registry.npmjs.org/proxy-from-env/-/proxy-from-env-1.1.0.tgz#e102f16ca355424865755d2c9e8ea4f24d58c3e2"
  integrity sha512-D+zkORCbA9f1tdWRK0RaCR3GPv50cMxcrz4X8k5LTSUD1Dkw47mKJEZQNunItRTkWwgtaUSo1RVFRIG9ZXiFYg==

readable-stream@^2.0.0, readable-stream@^2.0.5:
  version "2.3.7"
  resolved "https://registry.npmjs.org/readable-stream/-/readable-stream-2.3.7.tgz#1eca1cf711aef814c04f62252a36a62f6cb23b57"
  integrity sha512-Ebho8K4jIbHAxnuxi7o42OrZgF/ZTNcsZj6nRKyUmkhLFq8CHItp/fy6hQZuZmP/n3yZ9VBUbp4zz/mX8hmYPw==
  dependencies:
    core-util-is "~1.0.0"
    inherits "~2.0.3"
    isarray "~1.0.0"
    process-nextick-args "~2.0.0"
    safe-buffer "~5.1.1"
    string_decoder "~1.1.1"
    util-deprecate "~1.0.1"

readable-stream@^3.1.1, readable-stream@^3.4.0, readable-stream@^3.6.0:
  version "3.6.0"
  resolved "https://registry.npmjs.org/readable-stream/-/readable-stream-3.6.0.tgz#337bbda3adc0706bd3e024426a286d4b4b2c9198"
  integrity sha512-BViHy7LKeTz4oNnkcLJ+lVSL6vpiFeX6/d3oSH8zCW7UxP2onchk+vTGB143xuFjHS3deTgkKoXXymXqymiIdA==
  dependencies:
    inherits "^2.0.3"
    string_decoder "^1.1.1"
    util-deprecate "^1.0.1"

readdir-glob@^1.0.0:
  version "1.1.2"
  resolved "https://registry.npmjs.org/readdir-glob/-/readdir-glob-1.1.2.tgz#b185789b8e6a43491635b6953295c5c5e3fd224c"
  integrity sha512-6RLVvwJtVwEDfPdn6X6Ille4/lxGl0ATOY4FN/B9nxQcgOazvvI0nodiD19ScKq0PvA/29VpaOQML36o5IzZWA==
  dependencies:
    minimatch "^5.1.0"

resize-detector@^0.3.0:
  version "0.3.0"
  resolved "https://registry.npmjs.org/resize-detector/-/resize-detector-0.3.0.tgz#fe495112e184695500a8f51e0389f15774cb1cfc"
  integrity sha512-R/tCuvuOHQ8o2boRP6vgx8hXCCy87H1eY9V5imBYeVNyNVpuL9ciReSccLj2gDcax9+2weXy3bc8Vv+NRXeEvQ==

resolve@^1.22.1:
  version "1.22.1"
  resolved "https://registry.npmjs.org/resolve/-/resolve-1.22.1.tgz#27cb2ebb53f91abb49470a928bba7558066ac177"
  integrity sha512-nBpuuYuY5jFsli/JIs1oldw6fOQCBioohqWZg/2hiaOybXOft4lonv85uDOKXdf8rhyK159cxU5cDcK/NKk8zw==
  dependencies:
    is-core-module "^2.9.0"
    path-parse "^1.0.7"
    supports-preserve-symlinks-flag "^1.0.0"

rollup@^2.79.1:
  version "2.79.1"
  resolved "https://registry.npmjs.org/rollup/-/rollup-2.79.1.tgz#bedee8faef7c9f93a2647ac0108748f497f081c7"
  integrity sha512-uKxbd0IhMZOhjAiD5oAFp7BqvkA4Dv47qpOCtaNvng4HBwdbWtdOh8f5nZNuk2rp51PMGk3bzfWu5oayNEuYnw==
  optionalDependencies:
    fsevents "~2.3.2"

safe-buffer@~5.1.0, safe-buffer@~5.1.1:
  version "5.1.2"
  resolved "https://registry.npmjs.org/safe-buffer/-/safe-buffer-5.1.2.tgz#991ec69d296e0313747d59bdfd2b745c35f8828d"
  integrity sha512-Gd2UZBJDkXlY7GbJxfsE8/nvKkUEU1G38c1siN6QP6a9PT9MmHB8GnpscSmMJSoF8LOIrt8ud/wPtojys4G6+g==

safe-buffer@~5.2.0:
  version "5.2.1"
  resolved "https://registry.npmjs.org/safe-buffer/-/safe-buffer-5.2.1.tgz#1eaf9fa9bdb1fdd4ec75f58f9cdb4e6b7827eec6"
  integrity sha512-rp3So07KcdmmKbGvgaNxQSJr7bGVSVk5S9Eq1F+ppbRo70+YeaDxkw5Dd8NPN+GD6bjnYm2VuPuCXmpuYvmCXQ==

seemly@^0.3.6:
  version "0.3.6"
  resolved "https://registry.npmjs.org/seemly/-/seemly-0.3.6.tgz#7ef97e8083dea00804965e2662f572a5df9cb18e"
  integrity sha512-lEV5VB8BUKTo/AfktXJcy+JeXns26ylbMkIUco8CYREsQijuz4mrXres2Q+vMLdwkuLxJdIPQ8IlCIxLYm71Yw==

source-map-js@^1.0.2:
  version "1.0.2"
  resolved "https://registry.npmjs.org/source-map-js/-/source-map-js-1.0.2.tgz#adbc361d9c62df380125e7f161f71c826f1e490c"
  integrity sha512-R0XvVJ9WusLiqTCEiGCmICCMplcCkIwwR11mOSD9CR5u+IXYdiseeEuXCVAjS54zqwkLcPNnmU4OeJ6tUrWhDw==

source-map@^0.6.1:
  version "0.6.1"
  resolved "https://registry.npmjs.org/source-map/-/source-map-0.6.1.tgz#74722af32e9614e9c287a8d0bbde48b5e2f1a263"
  integrity sha512-UjgapumWlbMhkBgzT7Ykc5YXUT46F0iKu8SGXq0bcwP5dz/h0Plj6enJqjz1Zbq2l5WaqYnrVbwWOWMyF3F47g==

sourcemap-codec@^1.4.8:
  version "1.4.8"
  resolved "https://registry.npmjs.org/sourcemap-codec/-/sourcemap-codec-1.4.8.tgz#ea804bd94857402e6992d05a38ef1ae35a9ab4c4"
  integrity sha512-9NykojV5Uih4lgo5So5dtw+f0JgJX30KCNI8gwhz2J9A15wD0Ml6tjHKwf6fTSa6fAdVBdZeNOs9eJ71qCk8vA==

string_decoder@^1.1.1:
  version "1.3.0"
  resolved "https://registry.npmjs.org/string_decoder/-/string_decoder-1.3.0.tgz#42f114594a46cf1a8e30b0a84f56c78c3edac21e"
  integrity sha512-hkRX8U1WjJFd8LsDJ2yQ/wWWxaopEsABU1XfkM8A+j0+85JAGppt16cr1Whg6KIbb4okU6Mql6BOj+uup/wKeA==
  dependencies:
    safe-buffer "~5.2.0"

string_decoder@~1.1.1:
  version "1.1.1"
  resolved "https://registry.npmjs.org/string_decoder/-/string_decoder-1.1.1.tgz#9cf1611ba62685d7030ae9e4ba34149c3af03fc8"
  integrity sha512-n/ShnvDi6FHbbVfviro+WojiFzv+s8MPMHBczVePfUpDJLwoLT0ht1l4YwBCbi8pJAveEEdnkHyPyTP/mzRfwg==
  dependencies:
    safe-buffer "~5.1.0"

supports-preserve-symlinks-flag@^1.0.0:
  version "1.0.0"
  resolved "https://registry.npmjs.org/supports-preserve-symlinks-flag/-/supports-preserve-symlinks-flag-1.0.0.tgz#6eda4bd344a3c94aea376d4cc31bc77311039e09"
  integrity sha512-ot0WnXS9fgdkgIcePe6RHNk1WA8+muPa6cSjeR3V8K27q9BB1rTE3R1p7Hv0z1ZyAc8s6Vvv8DIyWf681MAt0w==

tar-stream@^2.2.0:
  version "2.2.0"
  resolved "https://registry.npmjs.org/tar-stream/-/tar-stream-2.2.0.tgz#acad84c284136b060dc3faa64474aa9aebd77287"
  integrity sha512-ujeqbceABgwMZxEJnk2HDY2DlnUZ+9oEcb1KzTVfYHio0UE6dG71n60d8D2I4qNvleWrrXpmjpt7vZeF1LnMZQ==
  dependencies:
    bl "^4.0.3"
    end-of-stream "^1.4.1"
    fs-constants "^1.0.0"
    inherits "^2.0.3"
    readable-stream "^3.1.1"

treemate@^0.3.11:
  version "0.3.11"
  resolved "https://registry.npmjs.org/treemate/-/treemate-0.3.11.tgz#7d52f8f69ab9ce326f8d139e0a3d1ffb25e48222"
  integrity sha512-M8RGFoKtZ8dF+iwJfAJTOH/SM4KluKOKRJpjCMhI8bG3qB74zrFoArKZ62ll0Fr3mqkMJiQOmWYkdYgDeITYQg==

tslib@2.3.0:
  version "2.3.0"
  resolved "https://registry.npmjs.org/tslib/-/tslib-2.3.0.tgz#803b8cdab3e12ba581a4ca41c8839bbb0dacb09e"
  integrity sha512-N82ooyxVNm6h1riLCoyS9e3fuJ3AMG2zIZs2Gd1ATcSFjSA23Q0fzjjZeh0jbJvWVDZ0cJT8yaNNaaXHzueNjg==

typescript@^4.6.4:
  version "4.8.4"
  resolved "https://registry.npmjs.org/typescript/-/typescript-4.8.4.tgz#c464abca159669597be5f96b8943500b238e60e6"
  integrity sha512-QCh+85mCy+h0IGff8r5XWzOVSbBO+KfeYrMQh7NJ58QujwcE22u+NUSmUxqF+un70P9GXKxa2HCNiTTMJknyjQ==

util-deprecate@^1.0.1, util-deprecate@~1.0.1:
  version "1.0.2"
  resolved "https://registry.npmjs.org/util-deprecate/-/util-deprecate-1.0.2.tgz#450d4dc9fa70de732762fbd2d4a28981419a0ccf"
  integrity sha512-EPD5q1uXyFxJpCrLnCc1nHnq3gOa6DZBocAIiI2TaSCA7VCJ1UJDMagCzIkXNsUYfD1daK//LTEQ8xiIbrHtcw==

vdirs@^0.1.4, vdirs@^0.1.8:
  version "0.1.8"
  resolved "https://registry.npmjs.org/vdirs/-/vdirs-0.1.8.tgz#a103bc43baca738f8dea912a7e9737154a19dbc2"
  integrity sha512-H9V1zGRLQZg9b+GdMk8MXDN2Lva0zx72MPahDKc30v+DtwKjfyOSXWRIX4t2mhDubM1H09gPhWeth/BJWPHGUw==
  dependencies:
    evtd "^0.2.2"

vite@^3.2.0:
  version "3.2.1"
  resolved "https://registry.npmjs.org/vite/-/vite-3.2.1.tgz#dc1f54568300a7acdd89c8611e2719c21f1334f4"
  integrity sha512-ADtMkfHuWq4tskJsri2n2FZkORO8ZyhI+zIz7zTrDAgDEtct1jdxOg3YsZBfHhKjmMoWLOSCr+64qrEDGo/DbQ==
  dependencies:
    esbuild "^0.15.9"
    postcss "^8.4.18"
    resolve "^1.22.1"
    rollup "^2.79.1"
  optionalDependencies:
    fsevents "~2.3.2"

vooks@^0.2.12, vooks@^0.2.4:
  version "0.2.12"
  resolved "https://registry.npmjs.org/vooks/-/vooks-0.2.12.tgz#2b6e23330b77bac81c7f7a344c4ca3e9f4f6c373"
  integrity sha512-iox0I3RZzxtKlcgYaStQYKEzWWGAduMmq+jS7OrNdQo1FgGfPMubGL3uGHOU9n97NIvfFDBGnpSvkWyb/NSn/Q==
  dependencies:
    evtd "^0.2.2"

vue-demi@*, vue-demi@^0.13.2:
  version "0.13.11"
  resolved "https://registry.npmjs.org/vue-demi/-/vue-demi-0.13.11.tgz#7d90369bdae8974d87b1973564ad390182410d99"
  integrity sha512-IR8HoEEGM65YY3ZJYAjMlKygDQn25D5ajNFNoKh9RSDMQtlzCxtfQjdQgv9jjK+m3377SsJXY8ysq8kLCZL25A==

vue-echarts@^6.1.0:
  version "6.2.3"
  resolved "https://registry.npmjs.org/vue-echarts/-/vue-echarts-6.2.3.tgz#77973c417a56bca76847576ab903ab92979d75bb"
  integrity sha512-xHzUvgsgk/asJTcNa8iVVwoovZU3iEUHvmBa3bzbiP3Y6OMxM1YXsoWOKVmVVaUusGs4ob4pSwjwNy2FemAz9w==
  dependencies:
    resize-detector "^0.3.0"
    vue-demi "^0.13.2"

vue-router@^4.1.2:
  version "4.1.6"
  resolved "https://registry.npmjs.org/vue-router/-/vue-router-4.1.6.tgz#b70303737e12b4814578d21d68d21618469375a1"
  integrity sha512-DYWYwsG6xNPmLq/FmZn8Ip+qrhFEzA14EI12MsMgVxvHFDYvlr4NXpVF5hrRH1wVcDP8fGi5F4rxuJSl8/r+EQ==
  dependencies:
    "@vue/devtools-api" "^6.4.5"

vue-template-compiler@^2.7.10:
  version "2.7.13"
  resolved "https://registry.npmjs.org/vue-template-compiler/-/vue-template-compiler-2.7.13.tgz#1520a5aa6d1af51dd0622824e79814f6e8cb7058"
  integrity sha512-jYM6TClwDS9YqP48gYrtAtaOhRKkbYmbzE+Q51gX5YDr777n7tNI/IZk4QV4l/PjQPNh/FVa/E92sh/RqKMrog==
  dependencies:
    de-indent "^1.0.2"
    he "^1.2.0"

vue-tsc@^1.0.9:
  version "1.0.9"
  resolved "https://registry.npmjs.org/vue-tsc/-/vue-tsc-1.0.9.tgz#7d388ec3097bc9c1789d5745a97c608217af4873"
  integrity sha512-vRmHD1K6DmBymNhoHjQy/aYKTRQNLGOu2/ESasChG9Vy113K6CdP0NlhR0bzgFJfv2eFB9Ez/9L5kIciUajBxQ==
  dependencies:
    "@volar/vue-language-core" "1.0.9"
    "@volar/vue-typescript" "1.0.9"

vue@^3.2.41:
  version "3.2.41"
  resolved "https://registry.npmjs.org/vue/-/vue-3.2.41.tgz#ed452b8a0f7f2b962f055c8955139c28b1c06806"
  integrity sha512-uuuvnrDXEeZ9VUPljgHkqB5IaVO8SxhPpqF2eWOukVrBnRBx2THPSGQBnVRt0GrIG1gvCmFXMGbd7FqcT1ixNQ==
  dependencies:
    "@vue/compiler-dom" "3.2.41"
    "@vue/compiler-sfc" "3.2.41"
    "@vue/runtime-dom" "3.2.41"
    "@vue/server-renderer" "3.2.41"
    "@vue/shared" "3.2.41"

vueuc@^0.4.47:
  version "0.4.49"
  resolved "https://registry.npmjs.org/vueuc/-/vueuc-0.4.49.tgz#913e6fd629bdfd5bbed79bf108aec605720af2db"
  integrity sha512-WarAC44a/Yx78CxkAgROYLq+LkAeCGA/6wHidVoFmHLbzyF3SiP2nzRNGD/8zJeJInXv18EnWK6A//eGgMMq8w==
  dependencies:
    "@css-render/vue3-ssr" "^0.15.10"
    "@juggle/resize-observer" "^3.3.1"
    css-render "^0.15.10"
    evtd "^0.2.4"
    seemly "^0.3.6"
    vdirs "^0.1.4"
    vooks "^0.2.4"

wrappy@1:
  version "1.0.2"
  resolved "https://registry.npmjs.org/wrappy/-/wrappy-1.0.2.tgz#b5243d8f3ec1aa35f1364605bc0d1036e30ab69f"
  integrity sha512-l4Sp/DRseor9wL6EvV2+TuQn63dMkPjZ/sp9XkghTEbV9KlPS1xUsZ3u7/IQO4wxtcFB4bgpQPRcR3QCvezPcQ==

zip-a-folder@^1.1.5:
  version "1.1.5"
  resolved "https://registry.npmjs.org/zip-a-folder/-/zip-a-folder-1.1.5.tgz#9c3176e844bc1305338717fab765edac4839b778"
  integrity sha512-w6I4mvWc6D0Q4pdzCSFbQih/ezYBdjwGZVbWRRFMOYcOdtE9TONZ7YtXCPnHj4XJQmXQxTOWcRGnPYxRn+d0mw==
  dependencies:
    archiver "^5.3.1"

zip-stream@^4.1.0:
  version "4.1.0"
  resolved "https://registry.npmjs.org/zip-stream/-/zip-stream-4.1.0.tgz#51dd326571544e36aa3f756430b313576dc8fc79"
  integrity sha512-zshzwQW7gG7hjpBlgeQP9RuyPGNxvJdzR8SUM3QhxCnLjWN2E7j3dOvpeDcQoETfHx0urRS7EtmVToql7YpU4A==
  dependencies:
    archiver-utils "^2.1.0"
    compress-commons "^4.1.0"
    readable-stream "^3.6.0"

zrender@5.4.0:
  version "5.4.0"
  resolved "https://registry.npmjs.org/zrender/-/zrender-5.4.0.tgz#d4f76e527b2e3bbd7add2bdaf27a16af85785576"
  integrity sha512-rOS09Z2HSVGFs2dn/TuYk5BlCaZcVe8UDLLjj1ySYF828LATKKdxuakSZMvrDz54yiKPDYVfjdKqcX8Jky3BIA==
  dependencies:
    tslib "2.3.0"
